
Microsoft Visual Studio Solution File, Format Version 12.00
# Visual Studio 15
VisualStudioVersion = 15.0.27130.2036
MinimumVisualStudioVersion = 10.0.40219.1
Project("{FAE04EC0-301F-11D3-BF4B-00C04F79EFBC}") = "Vidly", "Vidly\Vidly.csproj", "{74C1F1FB-DA14-4EC5-BC48-E7EACF6F2BF5}"
EndProject
Global
	GlobalSection(SolutionConfigurationPlatforms) = preSolution
		Debug|Any CPU = Debug|Any CPU
		Release|Any CPU = Release|Any CPU
	EndGlobalSection
	GlobalSection(ProjectConfigurationPlatforms) = postSolution
		{74C1F1FB-DA14-4EC5-BC48-E7EACF6F2BF5}.Debug|Any CPU.ActiveCfg = Debug|Any CPU
		{74C1F1FB-DA14-4EC5-BC48-E7EACF6F2BF5}.Debug|Any CPU.Build.0 = Debug|Any CPU
		{74C1F1FB-DA14-4EC5-BC48-E7EACF6F2BF5}.Release|Any CPU.ActiveCfg = Release|Any CPU
		{74C1F1FB-DA14-4EC5-BC48-E7EACF6F2BF5}.Release|Any CPU.Build.0 = Release|Any CPU
	EndGlobalSection
	GlobalSection(SolutionProperties) = preSolution
		HideSolutionNode = FALSE
	EndGlobalSection
	GlobalSection(ExtensibilityGlobals) = postSolution
		SolutionGuid = {32A0828D-755A-45BB-A0EB-FEC06A9B0BB5}
	EndGlobalSection
EndGlobal
